
Microsoft Visual Studio Solution File, Format Version 12.00
# Visual Studio Version 16
VisualStudioVersion = 16.0.30406.217
MinimumVisualStudioVersion = 10.0.40219.1
Project("{FAE04EC0-301F-11D3-BF4B-00C04F79EFBC}") = "CapaPresentacion", "CapaPresentacion\CapaPresentacion.csproj", "{0221D0E5-9832-4AAF-BE66-B2890D9087A3}"
EndProject
Project("{FAE04EC0-301F-11D3-BF4B-00C04F79EFBC}") = "CapaEntidad", "CapaEntidad\CapaEntidad.csproj", "{2FED5B9E-DEB0-4230-AD99-463D60C060D1}"
EndProject
Project("{FAE04EC0-301F-11D3-BF4B-00C04F79EFBC}") = "CapaNegocio", "CapaNegocio\CapaNegocio.csproj", "{109C0E06-A786-42EC-B3A7-0837293B857D}"
EndProject
Project("{FAE04EC0-301F-11D3-BF4B-00C04F79EFBC}") = "CapaDatos", "CapaDatos\CapaDatos.csproj", "{3A35ACE8-664A-4EDC-9CD3-22E5047949D1}"
EndProject
Global
	GlobalSection(SolutionConfigurationPlatforms) = preSolution
		Debug|Any CPU = Debug|Any CPU
		Release|Any CPU = Release|Any CPU
	EndGlobalSection
	GlobalSection(ProjectConfigurationPlatforms) = postSolution
		{0221D0E5-9832-4AAF-BE66-B2890D9087A3}.Debug|Any CPU.ActiveCfg = Debug|Any CPU
		{0221D0E5-9832-4AAF-BE66-B2890D9087A3}.Debug|Any CPU.Build.0 = Debug|Any CPU
		{0221D0E5-9832-4AAF-BE66-B2890D9087A3}.Release|Any CPU.ActiveCfg = Release|Any CPU
		{0221D0E5-9832-4AAF-BE66-B2890D9087A3}.Release|Any CPU.Build.0 = Release|Any CPU
		{2FED5B9E-DEB0-4230-AD99-463D60C060D1}.Debug|Any CPU.ActiveCfg = Debug|Any CPU
		{2FED5B9E-DEB0-4230-AD99-463D60C060D1}.Debug|Any CPU.Build.0 = Debug|Any CPU
		{2FED5B9E-DEB0-4230-AD99-463D60C060D1}.Release|Any CPU.ActiveCfg = Release|Any CPU
		{2FED5B9E-DEB0-4230-AD99-463D60C060D1}.Release|Any CPU.Build.0 = Release|Any CPU
		{109C0E06-A786-42EC-B3A7-0837293B857D}.Debug|Any CPU.ActiveCfg = Debug|Any CPU
		{109C0E06-A786-42EC-B3A7-0837293B857D}.Debug|Any CPU.Build.0 = Debug|Any CPU
		{109C0E06-A786-42EC-B3A7-0837293B857D}.Release|Any CPU.ActiveCfg = Release|Any CPU
		{109C0E06-A786-42EC-B3A7-0837293B857D}.Release|Any CPU.Build.0 = Release|Any CPU
		{3A35ACE8-664A-4EDC-9CD3-22E5047949D1}.Debug|Any CPU.ActiveCfg = Debug|Any CPU
		{3A35ACE8-664A-4EDC-9CD3-22E5047949D1}.Debug|Any CPU.Build.0 = Debug|Any CPU
		{3A35ACE8-664A-4EDC-9CD3-22E5047949D1}.Release|Any CPU.ActiveCfg = Release|Any CPU
		{3A35ACE8-664A-4EDC-9CD3-22E5047949D1}.Release|Any CPU.Build.0 = Release|Any CPU
	EndGlobalSection
	GlobalSection(SolutionProperties) = preSolution
		HideSolutionNode = FALSE
	EndGlobalSection
	GlobalSection(ExtensibilityGlobals) = postSolution
		SolutionGuid = {F24636DE-5B10-456C-B29F-530689398E49}
	EndGlobalSection
EndGlobal
